// !$*UTF8*$!
{
	archiveVersion = 1;
	classes = {
	};
	objectVersion = 48;
	objects = {

/* Begin PBXBuildFile section */
		A96B7D631F26CF5100A4D91B /* AppDelegate.swift in Sources */ = {isa = PBXBuildFile; fileRef = A96B7D621F26CF5100A4D91B /* AppDelegate.swift */; };
		A96B7D651F26CF5100A4D91B /* ViewController.swift in Sources */ = {isa = PBXBuildFile; fileRef = A96B7D641F26CF5100A4D91B /* ViewController.swift */; };
		A96B7D681F26CF5100A4D91B /* Main.storyboard in Resources */ = {isa = PBXBuildFile; fileRef = A96B7D661F26CF5100A4D91B /* Main.storyboard */; };
		A96B7D6A1F26CF5100A4D91B /* Assets.xcassets in Resources */ = {isa = PBXBuildFile; fileRef = A96B7D691F26CF5100A4D91B /* Assets.xcassets */; };
		A96B7D6D1F26CF5100A4D91B /* LaunchScreen.storyboard in Resources */ = {isa = PBXBuildFile; fileRef = A96B7D6B1F26CF5100A4D91B /* LaunchScreen.storyboard */; };
/* End PBXBuildFile section */

/* Begin PBXFileReference section */
		A96B7D5F1F26CF5100A4D91B /* coderswag.app */ = {isa = PBXFileReference; explicitFileType = wrapper.application; includeInIndex = 0; path = coderswag.app; sourceTree = BUILT_PRODUCTS_DIR; };
		A96B7D621F26CF5100A4D91B /* AppDelegate.swift */ = {isa = PBXFileReference; lastKnownFileType = sourcecode.swift; path = AppDelegate.swift; sourceTree = "<group>"; };
		A96B7D641F26CF5100A4D91B /* ViewController.swift */ = {isa = PBXFileReference; lastKnownFileType = sourcecode.swift; path = ViewController.swift; sourceTree = "<group>"; };
		A96B7D671F26CF5100A4D91B /* Base */ = {isa = PBXFileReference; lastKnownFileType = file.storyboard; name = Base; path = Base.lproj/Main.storyboard; sourceTree = "<group>"; };
		A96B7D691F26CF5100A4D91B /* Assets.xcassets */ = {isa = PBXFileReference; lastKnownFileType = folder.assetcatalog; path = Assets.xcassets; sourceTree = "<group>"; };
		A96B7D6C1F26CF5100A4D91B /* Base */ = {isa = PBXFileReference; lastKnownFileType = file.storyboard; name = Base; path = Base.lproj/LaunchScreen.storyboard; sourceTree = "<group>"; };
		A96B7D6E1F26CF5100A4D91B /* Info.plist */ = {isa = PBXFileReference; lastKnownFileType = text.plist.xml; path = Info.plist; sourceTree = "<group>"; };
/* End PBXFileReference section */

/* Begin PBXFrameworksBuildPhase section */
		A96B7D5C1F26CF5100A4D91B /* Frameworks */ = {
			isa = PBXFrameworksBuildPhase;
			buildActionMask = 2147483647;
			files = (
			);
			runOnlyForDeploymentPostprocessing = 0;
		};
/* End PBXFrameworksBuildPhase section */

/* Begin PBXGroup section */
		A96B7D561F26CF5100A4D91B = {
			isa = PBXGroup;
			children = (
				A96B7D611F26CF5100A4D91B /* coderswag */,
				A96B7D601F26CF5100A4D91B /* Products */,
			);
			sourceTree = "<group>";
		};
		A96B7D601F26CF5100A4D91B /* Products */ = {
			isa = PBXGroup;
			children = (
				A96B7D5F1F26CF5100A4D91B /* coderswag.app */,
			);
			name = Products;
			sourceTree = "<group>";
		};
		A96B7D611F26CF5100A4D91B /* coderswag */ = {
			isa = PBXGroup;
			children = (
				A96B7D621F26CF5100A4D91B /* AppDelegate.swift */,
				A96B7D641F26CF5100A4D91B /* ViewController.swift */,
				A96B7D661F26CF5100A4D91B /* Main.storyboard */,
				A96B7D691F26CF5100A4D91B /* Assets.xcassets */,
				A96B7D6B1F26CF5100A4D91B /* LaunchScreen.storyboard */,
				A96B7D6E1F26CF5100A4D91B /* Info.plist */,
			);
			path = coderswag;
			sourceTree = "<group>";
		};
/* End PBXGroup section */

/* Begin PBXNativeTarget section */
		A96B7D5E1F26CF5100A4D91B /* coderswag */ = {
			isa = PBXNativeTarget;
			buildConfigurationList = A96B7D711F26CF5100A4D91B /* Build configuration list for PBXNativeTarget "coderswag" */;
			buildPhases = (
				A96B7D5B1F26CF5100A4D91B /* Sources */,
				A96B7D5C1F26CF5100A4D91B /* Frameworks */,
				A96B7D5D1F26CF5100A4D91B /* Resources */,
			);
			buildRules = (
			);
			dependencies = (
			);
			name = coderswag;
			productName = coderswag;
			productReference = A96B7D5F1F26CF5100A4D91B /* coderswag.app */;
			productType = "com.apple.product-type.application";
		};
/* End PBXNativeTarget section */

/* Begin PBXProject section */
		A96B7D571F26CF5100A4D91B /* Project object */ = {
			isa = PBXProject;
			attributes = {
				LastSwiftUpdateCheck = 0900;
				LastUpgradeCheck = 0900;
				ORGANIZATIONNAME = "Preston Grisham";
				TargetAttributes = {
					A96B7D5E1F26CF5100A4D91B = {
						CreatedOnToolsVersion = 9.0;
					};
				};
			};
			buildConfigurationList = A96B7D5A1F26CF5100A4D91B /* Build configuration list for PBXProject "coderswag" */;
			compatibilityVersion = "Xcode 8.0";
			developmentRegion = en;
			hasScannedForEncodings = 0;
			knownRegions = (
				en,
				Base,
			);
			mainGroup = A96B7D561F26CF5100A4D91B;
			productRefGroup = A96B7D601F26CF5100A4D91B /* Products */;
			projectDirPath = "";
			projectRoot = "";
			targets = (
				A96B7D5E1F26CF5100A4D91B /* coderswag */,
			);
		};
/* End PBXProject section */

/* Begin PBXResourcesBuildPhase section */
		A96B7D5D1F26CF5100A4D91B /* Resources */ = {
			isa = PBXResourcesBuildPhase;
			buildActionMask = 2147483647;
			files = (
				A96B7D6D1F26CF5100A4D91B /* LaunchScreen.storyboard in Resources */,
				A96B7D6A1F26CF5100A4D91B /* Assets.xcassets in Resources */,
				A96B7D681F26CF5100A4D91B /* Main.storyboard in Resources */,
			);
			runOnlyForDeploymentPostprocessing = 0;
		};
/* End PBXResourcesBuildPhase section */

/* Begin PBXSourcesBuildPhase section */
		A96B7D5B1F26CF5100A4D91B /* Sources */ = {
			isa = PBXSourcesBuildPhase;
			buildActionMask = 2147483647;
			files = (
				A96B7D651F26CF5100A4D91B /* ViewController.swift in Sources */,
				A96B7D631F26CF5100A4D91B /* AppDelegate.swift in Sources */,
			);
			runOnlyForDeploymentPostprocessing = 0;
		};
/* End PBXSourcesBuildPhase section */

/* Begin PBXVariantGroup section */
		A96B7D661F26CF5100A4D91B /* Main.storyboard */ = {
			isa = PBXVariantGroup;
			children = (
				A96B7D671F26CF5100A4D91B /* Base */,
			);
			name = Main.storyboard;
			sourceTree = "<group>";
		};
		A96B7D6B1F26CF5100A4D91B /* LaunchScreen.storyboard */ = {
			isa = PBXVariantGroup;
			children = (
				A96B7D6C1F26CF5100A4D91B /* Base */,
			);
			name = LaunchScreen.storyboard;
			sourceTree = "<group>";
		};
/* End PBXVariantGroup section */

/* Begin XCBuildConfiguration section */
		A96B7D6F1F26CF5100A4D91B /* Debug */ = {
			isa = XCBuildConfiguration;
			buildSettings = {
				ALWAYS_SEARCH_USER_PATHS = NO;
				CLANG_ANALYZER_NONNULL = YES;
				CLANG_ANALYZER_NUMBER_OBJECT_CONVERSION = YES_AGGRESSIVE;
				CLANG_CXX_LANGUAGE_STANDARD = "gnu++14";
				CLANG_CXX_LIBRARY = "libc++";
				CLANG_ENABLE_MODULES = YES;
				CLANG_ENABLE_OBJC_ARC = YES;
				CLANG_WARN_BLOCK_CAPTURE_AUTORELEASING = YES;
				CLANG_WARN_BOOL_CONVERSION = YES;
				CLANG_WARN_COMMA = YES;
				CLANG_WARN_CONSTANT_CONVERSION = YES;
				CLANG_WARN_DIRECT_OBJC_ISA_USAGE = YES_ERROR;
				CLANG_WARN_DOCUMENTATION_COMMENTS = YES;
				CLANG_WARN_EMPTY_BODY = YES;
				CLANG_WARN_ENUM_CONVERSION = YES;
				CLANG_WARN_INFINITE_RECURSION = YES;
				CLANG_WARN_INT_CONVERSION = YES;
				CLANG_WARN_NON_LITERAL_NULL_CONVERSION = YES;
				CLANG_WARN_OBJC_LITERAL_CONVERSION = YES;
				CLANG_WARN_OBJC_ROOT_CLASS = YES_ERROR;
				CLANG_WARN_RANGE_LOOP_ANALYSIS = YES;
				CLANG_WARN_STRICT_PROTOTYPES = YES;
				CLANG_WARN_SUSPICIOUS_MOVE = YES;
				CLANG_WARN_UNGUARDED_AVAILABILITY = YES_AGGRESSIVE;
				CLANG_WARN_UNREACHABLE_CODE = YES;
				CLANG_WARN__DUPLICATE_METHOD_MATCH = YES;
				CODE_SIGN_IDENTITY = "iPhone Developer";
				COPY_PHASE_STRIP = NO;
				DEBUG_INFORMATION_FORMAT = dwarf;
				ENABLE_STRICT_OBJC_MSGSEND = YES;
				ENABLE_TESTABILITY = YES;
				GCC_C_LANGUAGE_STANDARD = gnu11;
				GCC_DYNAMIC_NO_PIC = NO;
				GCC_NO_COMMON_BLOCKS = YES;
				GCC_OPTIMIZATION_LEVEL = 0;
				GCC_PREPROCESSOR_DEFINITIONS = (
					"DEBUG=1",
					"$(inherited)",
				);
				GCC_WARN_64_TO_32_BIT_CONVERSION = YES;
				GCC_WARN_ABOUT_RETURN_TYPE = YES_ERROR;
				GCC_WARN_UNDECLARED_SELECTOR = YES;
				GCC_WARN_UNINITIALIZED_AUTOS = YES_AGGRESSIVE;
				GCC_WARN_UNUSED_FUNCTION = YES;
				GCC_WARN_UNUSED_VARIABLE = YES;
				IPHONEOS_DEPLOYMENT_TARGET = 11.0;
				MTL_ENABLE_DEBUG_INFO = YES;
				ONLY_ACTIVE_ARCH = YES;
				SDKROOT = iphoneos;
				SWIFT_ACTIVE_COMPILATION_CONDITIONS = DEBUG;
				SWIFT_OPTIMIZATION_LEVEL = "-Onone";
			};
			name = Debug;
		};
		A96B7D701F26CF5100A4D91B /* Release */ = {
			isa = XCBuildConfiguration;
			buildSettings = {
				ALWAYS_SEARCH_USER_PATHS = NO;
				CLANG_ANALYZER_NONNULL = YES;
				CLANG_ANALYZER_NUMBER_OBJECT_CONVERSION = YES_AGGRESSIVE;
				CLANG_CXX_LANGUAGE_STANDARD = "gnu++14";
				CLANG_CXX_LIBRARY = "libc++";
				CLANG_ENABLE_MODULES = YES;
				CLANG_ENABLE_OBJC_ARC = YES;
				CLANG_WARN_BLOCK_CAPTURE_AUTORELEASING = YES;
				CLANG_WARN_BOOL_CONVERSION = YES;
				CLANG_WARN_COMMA = YES;
				CLANG_WARN_CONSTANT_CONVERSION = YES;
				CLANG_WARN_DIRECT_OBJC_ISA_USAGE = YES_ERROR;
				CLANG_WARN_DOCUMENTATION_COMMENTS = YES;
				CLANG_WARN_EMPTY_BODY = YES;
				CLANG_WARN_ENUM_CONVERSION = YES;
				CLANG_WARN_INFINITE_RECURSION = YES;
				CLANG_WARN_INT_CONVERSION = YES;
				CLANG_WARN_NON_LITERAL_NULL_CONVERSION = YES;
				CLANG_WARN_OBJC_LITERAL_CONVERSION = YES;
				CLANG_WARN_OBJC_ROOT_CLASS = YES_ERROR;
				CLANG_WARN_RANGE_LOOP_ANALYSIS = YES;
				CLANG_WARN_STRICT_PROTOTYPES = YES;
				CLANG_WARN_SUSPICIOUS_MOVE = YES;
				CLANG_WARN_UNGUARDED_AVAILABILITY = YES_AGGRESSIVE;
				CLANG_WARN_UNREACHABLE_CODE = YES;
				CLANG_WARN__DUPLICATE_METHOD_MATCH = YES;
				CODE_SIGN_IDENTITY = "iPhone Developer";
				COPY_PHASE_STRIP = NO;
				DEBUG_INFORMATION_FORMAT = "dwarf-with-dsym";
				ENABLE_NS_ASSERTIONS = NO;
				ENABLE_STRICT_OBJC_MSGSEND = YES;
				GCC_C_LANGUAGE_STANDARD = gnu11;
				GCC_NO_COMMON_BLOCKS = YES;
				GCC_WARN_64_TO_32_BIT_CONVERSION = YES;
				GCC_WARN_ABOUT_RETURN_TYPE = YES_ERROR;
				GCC_WARN_UNDECLARED_SELECTOR = YES;
				GCC_WARN_UNINITIALIZED_AUTOS = YES_AGGRESSIVE;
				GCC_WARN_UNUSED_FUNCTION = YES;
				GCC_WARN_UNUSED_VARIABLE = YES;
				IPHONEOS_DEPLOYMENT_TARGET = 11.0;
				MTL_ENABLE_DEBUG_INFO = NO;
				SDKROOT = iphoneos;
				SWIFT_OPTIMIZATION_LEVEL = "-Owholemodule";
				VALIDATE_PRODUCT = YES;
			};
			name = Release;
		};
		A96B7D721F26CF5100A4D91B /* Debug */ = {
			isa = XCBuildConfiguration;
			buildSettings = {
				ASSETCATALOG_COMPILER_APPICON_NAME = AppIcon;
				DEVELOPMENT_TEAM = 26WHF2S4GK;
				INFOPLIST_FILE = coderswag/Info.plist;
				LD_RUNPATH_SEARCH_PATHS = "$(inherited) @executable_path/Frameworks";
				PRODUCT_BUNDLE_IDENTIFIER = com.prestongrisham.coderswag;
				PRODUCT_NAME = "$(TARGET_NAME)";
				SWIFT_VERSION = 4.0;
				TARGETED_DEVICE_FAMILY = "1,2";
			};
			name = Debug;
		};
		A96B7D731F26CF5100A4D91B /* Release */ = {
			isa = XCBuildConfiguration;
			buildSettings = {
				ASSETCATALOG_COMPILER_APPICON_NAME = AppIcon;
				DEVELOPMENT_TEAM = 26WHF2S4GK;
				INFOPLIST_FILE = coderswag/Info.plist;
				LD_RUNPATH_SEARCH_PATHS = "$(inherited) @executable_path/Frameworks";
				PRODUCT_BUNDLE_IDENTIFIER = com.prestongrisham.coderswag;
				PRODUCT_NAME = "$(TARGET_NAME)";
				SWIFT_VERSION = 4.0;
				TARGETED_DEVICE_FAMILY = "1,2";
			};
			name = Release;
		};
/* End XCBuildConfiguration section */

/* Begin XCConfigurationList section */
		A96B7D5A1F26CF5100A4D91B /* Build configuration list for PBXProject "coderswag" */ = {
			isa = XCConfigurationList;
			buildConfigurations = (
				A96B7D6F1F26CF5100A4D91B /* Debug */,
				A96B7D701F26CF5100A4D91B /* Release */,
			);
			defaultConfigurationIsVisible = 0;
			defaultConfigurationName = Release;
		};
		A96B7D711F26CF5100A4D91B /* Build configuration list for PBXNativeTarget "coderswag" */ = {
			isa = XCConfigurationList;
			buildConfigurations = (
				A96B7D721F26CF5100A4D91B /* Debug */,
				A96B7D731F26CF5100A4D91B /* Release */,
			);
			defaultConfigurationIsVisible = 0;
			defaultConfigurationName = Release;
		};
/* End XCConfigurationList section */
	};
	rootObject = A96B7D571F26CF5100A4D91B /* Project object */;
}
